
Microsoft Visual Studio Solution File, Format Version 12.00
# Visual Studio Version 17
VisualStudioVersion = 17.5.33530.505
MinimumVisualStudioVersion = 10.0.40219.1
Project("{FAE04EC0-301F-11D3-BF4B-00C04F79EFBC}") = "api.personas", "api.personas\api.personas.csproj", "{55F51364-2D1F-4AFA-8606-416B4EF4A9F9}"
EndProject
Project("{FAE04EC0-301F-11D3-BF4B-00C04F79EFBC}") = "Services", "Services\Services.csproj", "{7CBC5F62-9577-4D13-B51F-769D8B950848}"
EndProject
Project("{FAE04EC0-301F-11D3-BF4B-00C04F79EFBC}") = "Repository", "Repository\Repository.csproj", "{AD6A03C8-3419-4C8F-9D59-FD289B7D7A04}"
EndProject
Global
	GlobalSection(SolutionConfigurationPlatforms) = preSolution
		Debug|Any CPU = Debug|Any CPU
		Release|Any CPU = Release|Any CPU
	EndGlobalSection
	GlobalSection(ProjectConfigurationPlatforms) = postSolution
		{55F51364-2D1F-4AFA-8606-416B4EF4A9F9}.Debug|Any CPU.ActiveCfg = Debug|Any CPU
		{55F51364-2D1F-4AFA-8606-416B4EF4A9F9}.Debug|Any CPU.Build.0 = Debug|Any CPU
		{55F51364-2D1F-4AFA-8606-416B4EF4A9F9}.Release|Any CPU.ActiveCfg = Release|Any CPU
		{55F51364-2D1F-4AFA-8606-416B4EF4A9F9}.Release|Any CPU.Build.0 = Release|Any CPU
		{7CBC5F62-9577-4D13-B51F-769D8B950848}.Debug|Any CPU.ActiveCfg = Debug|Any CPU
		{7CBC5F62-9577-4D13-B51F-769D8B950848}.Debug|Any CPU.Build.0 = Debug|Any CPU
		{7CBC5F62-9577-4D13-B51F-769D8B950848}.Release|Any CPU.ActiveCfg = Release|Any CPU
		{7CBC5F62-9577-4D13-B51F-769D8B950848}.Release|Any CPU.Build.0 = Release|Any CPU
		{AD6A03C8-3419-4C8F-9D59-FD289B7D7A04}.Debug|Any CPU.ActiveCfg = Debug|Any CPU
		{AD6A03C8-3419-4C8F-9D59-FD289B7D7A04}.Debug|Any CPU.Build.0 = Debug|Any CPU
		{AD6A03C8-3419-4C8F-9D59-FD289B7D7A04}.Release|Any CPU.ActiveCfg = Release|Any CPU
		{AD6A03C8-3419-4C8F-9D59-FD289B7D7A04}.Release|Any CPU.Build.0 = Release|Any CPU
	EndGlobalSection
	GlobalSection(SolutionProperties) = preSolution
		HideSolutionNode = FALSE
	EndGlobalSection
	GlobalSection(ExtensibilityGlobals) = postSolution
		SolutionGuid = {50051492-0968-4A73-B52A-E2E174342852}
	EndGlobalSection
EndGlobal
